// !$*UTF8*$!
{
	archiveVersion = 1;
	classes = {
	};
	objectVersion = 56;
	objects = {

/* Begin PBXBuildFile section */
		6823572D2C205F27000415C9 /* UserDefaultsKey.swift in Sources */ = {isa = PBXBuildFile; fileRef = 6823572C2C205F27000415C9 /* UserDefaultsKey.swift */; };
		683211792C1B0E7F00EE24A6 /* PointButton.swift in Sources */ = {isa = PBXBuildFile; fileRef = 683211782C1B0E7F00EE24A6 /* PointButton.swift */; };
		6832117C2C1B11EA00EE24A6 /* NicknameSettingViewController.swift in Sources */ = {isa = PBXBuildFile; fileRef = 6832117B2C1B11EA00EE24A6 /* NicknameSettingViewController.swift */; };
		6832117E2C1B16CB00EE24A6 /* NicknameSettingView.swift in Sources */ = {isa = PBXBuildFile; fileRef = 6832117D2C1B16CB00EE24A6 /* NicknameSettingView.swift */; };
		683211832C1B20E600EE24A6 /* UITextField+.swift in Sources */ = {isa = PBXBuildFile; fileRef = 683211822C1B20E600EE24A6 /* UITextField+.swift */; };
		683211872C1B2AF700EE24A6 /* ImageSettingViewController.swift in Sources */ = {isa = PBXBuildFile; fileRef = 683211862C1B2AF700EE24A6 /* ImageSettingViewController.swift */; };
		6832118B2C1B32E600EE24A6 /* ImageSettingView.swift in Sources */ = {isa = PBXBuildFile; fileRef = 6832118A2C1B32E600EE24A6 /* ImageSettingView.swift */; };
		683211912C1B401700EE24A6 /* SelectImageCollectionViewCell.swift in Sources */ = {isa = PBXBuildFile; fileRef = 683211902C1B401700EE24A6 /* SelectImageCollectionViewCell.swift */; };
		683211932C1B404400EE24A6 /* ReusableProtocol+.swift in Sources */ = {isa = PBXBuildFile; fileRef = 683211922C1B404400EE24A6 /* ReusableProtocol+.swift */; };
		683211952C1B522500EE24A6 /* DataStorage.swift in Sources */ = {isa = PBXBuildFile; fileRef = 683211942C1B522500EE24A6 /* DataStorage.swift */; };
		683211992C1C4D4700EE24A6 /* MainViewController.swift in Sources */ = {isa = PBXBuildFile; fileRef = 683211982C1C4D4700EE24A6 /* MainViewController.swift */; };
		6832119C2C1C76E100EE24A6 /* YEGZAGTabBarController.swift in Sources */ = {isa = PBXBuildFile; fileRef = 6832119B2C1C76E100EE24A6 /* YEGZAGTabBarController.swift */; };
		6832119F2C1C77D900EE24A6 /* SettingViewController.swift in Sources */ = {isa = PBXBuildFile; fileRef = 6832119E2C1C77D900EE24A6 /* SettingViewController.swift */; };
		683211A12C1C893900EE24A6 /* SearchTableViewCell.swift in Sources */ = {isa = PBXBuildFile; fileRef = 683211A02C1C893900EE24A6 /* SearchTableViewCell.swift */; };
		683211A42C1CA45B00EE24A6 /* SearchResultViewController.swift in Sources */ = {isa = PBXBuildFile; fileRef = 683211A32C1CA45B00EE24A6 /* SearchResultViewController.swift */; };
		683211AA2C1DC28300EE24A6 /* SearchResultCollectionViewCell.swift in Sources */ = {isa = PBXBuildFile; fileRef = 683211A92C1DC28300EE24A6 /* SearchResultCollectionViewCell.swift */; };
		686051C22C211E9D00D60EA0 /* UILabel+.swift in Sources */ = {isa = PBXBuildFile; fileRef = 686051C12C211E9D00D60EA0 /* UILabel+.swift */; };
		686295002C1DDCB800EE296D /* ItemDetailViewController.swift in Sources */ = {isa = PBXBuildFile; fileRef = 686294FF2C1DDCB800EE296D /* ItemDetailViewController.swift */; };
		686295032C1DE5C000EE296D /* ShoppingData.swift in Sources */ = {isa = PBXBuildFile; fileRef = 686295022C1DE5C000EE296D /* ShoppingData.swift */; };
		686295052C1E13DA00EE296D /* UIButton+.swift in Sources */ = {isa = PBXBuildFile; fileRef = 686295042C1E13DA00EE296D /* UIButton+.swift */; };
		686295072C1EDCC600EE296D /* ProfileTableViewCell.swift in Sources */ = {isa = PBXBuildFile; fileRef = 686295062C1EDCC600EE296D /* ProfileTableViewCell.swift */; };
		686295092C1EDCDC00EE296D /* ETCTableViewCell.swift in Sources */ = {isa = PBXBuildFile; fileRef = 686295082C1EDCDC00EE296D /* ETCTableViewCell.swift */; };
		6862950E2C1EF02500EE296D /* DateFormatter+.swift in Sources */ = {isa = PBXBuildFile; fileRef = 6862950D2C1EF02500EE296D /* DateFormatter+.swift */; };
		68F162862C1AF7490059FA66 /* AppDelegate.swift in Sources */ = {isa = PBXBuildFile; fileRef = 68F162852C1AF7490059FA66 /* AppDelegate.swift */; };
		68F162882C1AF7490059FA66 /* SceneDelegate.swift in Sources */ = {isa = PBXBuildFile; fileRef = 68F162872C1AF7490059FA66 /* SceneDelegate.swift */; };
		68F1628A2C1AF7490059FA66 /* OnBoardingController.swift in Sources */ = {isa = PBXBuildFile; fileRef = 68F162892C1AF7490059FA66 /* OnBoardingController.swift */; };
		68F1628F2C1AF74B0059FA66 /* Assets.xcassets in Resources */ = {isa = PBXBuildFile; fileRef = 68F1628E2C1AF74B0059FA66 /* Assets.xcassets */; };
		68F162922C1AF74B0059FA66 /* Base in Resources */ = {isa = PBXBuildFile; fileRef = 68F162912C1AF74B0059FA66 /* Base */; };
		68F1629A2C1AF7A00059FA66 /* .gitignore in Resources */ = {isa = PBXBuildFile; fileRef = 68F162992C1AF7A00059FA66 /* .gitignore */; };
		68F1629C2C1AF7C00059FA66 /* APIKey.swift in Sources */ = {isa = PBXBuildFile; fileRef = 68F1629B2C1AF7C00059FA66 /* APIKey.swift */; };
		68F1629F2C1AFBB40059FA66 /* IQKeyboardManagerSwift in Frameworks */ = {isa = PBXBuildFile; productRef = 68F1629E2C1AFBB40059FA66 /* IQKeyboardManagerSwift */; };
		68F162A22C1AFC060059FA66 /* Kingfisher in Frameworks */ = {isa = PBXBuildFile; productRef = 68F162A12C1AFC060059FA66 /* Kingfisher */; };
		68F162A52C1AFC270059FA66 /* Alamofire in Frameworks */ = {isa = PBXBuildFile; productRef = 68F162A42C1AFC270059FA66 /* Alamofire */; };
		68F162A82C1AFC350059FA66 /* SnapKit in Frameworks */ = {isa = PBXBuildFile; productRef = 68F162A72C1AFC350059FA66 /* SnapKit */; };
/* End PBXBuildFile section */

/* Begin PBXFileReference section */
		6823572C2C205F27000415C9 /* UserDefaultsKey.swift */ = {isa = PBXFileReference; lastKnownFileType = sourcecode.swift; path = UserDefaultsKey.swift; sourceTree = "<group>"; };
		683211782C1B0E7F00EE24A6 /* PointButton.swift */ = {isa = PBXFileReference; lastKnownFileType = sourcecode.swift; path = PointButton.swift; sourceTree = "<group>"; };
		6832117B2C1B11EA00EE24A6 /* NicknameSettingViewController.swift */ = {isa = PBXFileReference; lastKnownFileType = sourcecode.swift; path = NicknameSettingViewController.swift; sourceTree = "<group>"; };
		6832117D2C1B16CB00EE24A6 /* NicknameSettingView.swift */ = {isa = PBXFileReference; lastKnownFileType = sourcecode.swift; path = NicknameSettingView.swift; sourceTree = "<group>"; };
		683211822C1B20E600EE24A6 /* UITextField+.swift */ = {isa = PBXFileReference; lastKnownFileType = sourcecode.swift; path = "UITextField+.swift"; sourceTree = "<group>"; };
		683211862C1B2AF700EE24A6 /* ImageSettingViewController.swift */ = {isa = PBXFileReference; lastKnownFileType = sourcecode.swift; path = ImageSettingViewController.swift; sourceTree = "<group>"; };
		6832118A2C1B32E600EE24A6 /* ImageSettingView.swift */ = {isa = PBXFileReference; lastKnownFileType = sourcecode.swift; path = ImageSettingView.swift; sourceTree = "<group>"; };
		683211902C1B401700EE24A6 /* SelectImageCollectionViewCell.swift */ = {isa = PBXFileReference; lastKnownFileType = sourcecode.swift; path = SelectImageCollectionViewCell.swift; sourceTree = "<group>"; };
		683211922C1B404400EE24A6 /* ReusableProtocol+.swift */ = {isa = PBXFileReference; lastKnownFileType = sourcecode.swift; path = "ReusableProtocol+.swift"; sourceTree = "<group>"; };
		683211942C1B522500EE24A6 /* DataStorage.swift */ = {isa = PBXFileReference; lastKnownFileType = sourcecode.swift; path = DataStorage.swift; sourceTree = "<group>"; };
		683211982C1C4D4700EE24A6 /* MainViewController.swift */ = {isa = PBXFileReference; lastKnownFileType = sourcecode.swift; path = MainViewController.swift; sourceTree = "<group>"; };
		6832119B2C1C76E100EE24A6 /* YEGZAGTabBarController.swift */ = {isa = PBXFileReference; lastKnownFileType = sourcecode.swift; path = YEGZAGTabBarController.swift; sourceTree = "<group>"; };
		6832119E2C1C77D900EE24A6 /* SettingViewController.swift */ = {isa = PBXFileReference; lastKnownFileType = sourcecode.swift; path = SettingViewController.swift; sourceTree = "<group>"; };
		683211A02C1C893900EE24A6 /* SearchTableViewCell.swift */ = {isa = PBXFileReference; lastKnownFileType = sourcecode.swift; path = SearchTableViewCell.swift; sourceTree = "<group>"; };
		683211A32C1CA45B00EE24A6 /* SearchResultViewController.swift */ = {isa = PBXFileReference; lastKnownFileType = sourcecode.swift; path = SearchResultViewController.swift; sourceTree = "<group>"; };
		683211A92C1DC28300EE24A6 /* SearchResultCollectionViewCell.swift */ = {isa = PBXFileReference; lastKnownFileType = sourcecode.swift; path = SearchResultCollectionViewCell.swift; sourceTree = "<group>"; };
		686051C12C211E9D00D60EA0 /* UILabel+.swift */ = {isa = PBXFileReference; lastKnownFileType = sourcecode.swift; path = "UILabel+.swift"; sourceTree = "<group>"; };
		686294FF2C1DDCB800EE296D /* ItemDetailViewController.swift */ = {isa = PBXFileReference; lastKnownFileType = sourcecode.swift; path = ItemDetailViewController.swift; sourceTree = "<group>"; };
		686295022C1DE5C000EE296D /* ShoppingData.swift */ = {isa = PBXFileReference; lastKnownFileType = sourcecode.swift; path = ShoppingData.swift; sourceTree = "<group>"; };
		686295042C1E13DA00EE296D /* UIButton+.swift */ = {isa = PBXFileReference; lastKnownFileType = sourcecode.swift; path = "UIButton+.swift"; sourceTree = "<group>"; };
		686295062C1EDCC600EE296D /* ProfileTableViewCell.swift */ = {isa = PBXFileReference; lastKnownFileType = sourcecode.swift; path = ProfileTableViewCell.swift; sourceTree = "<group>"; };
		686295082C1EDCDC00EE296D /* ETCTableViewCell.swift */ = {isa = PBXFileReference; lastKnownFileType = sourcecode.swift; path = ETCTableViewCell.swift; sourceTree = "<group>"; };
		6862950D2C1EF02500EE296D /* DateFormatter+.swift */ = {isa = PBXFileReference; lastKnownFileType = sourcecode.swift; path = "DateFormatter+.swift"; sourceTree = "<group>"; };
		68F162822C1AF7490059FA66 /* YEGZAG.app */ = {isa = PBXFileReference; explicitFileType = wrapper.application; includeInIndex = 0; path = YEGZAG.app; sourceTree = BUILT_PRODUCTS_DIR; };
		68F162852C1AF7490059FA66 /* AppDelegate.swift */ = {isa = PBXFileReference; lastKnownFileType = sourcecode.swift; path = AppDelegate.swift; sourceTree = "<group>"; };
		68F162872C1AF7490059FA66 /* SceneDelegate.swift */ = {isa = PBXFileReference; lastKnownFileType = sourcecode.swift; path = SceneDelegate.swift; sourceTree = "<group>"; };
		68F162892C1AF7490059FA66 /* OnBoardingController.swift */ = {isa = PBXFileReference; lastKnownFileType = sourcecode.swift; path = OnBoardingController.swift; sourceTree = "<group>"; };
		68F1628E2C1AF74B0059FA66 /* Assets.xcassets */ = {isa = PBXFileReference; lastKnownFileType = folder.assetcatalog; path = Assets.xcassets; sourceTree = "<group>"; };
		68F162912C1AF74B0059FA66 /* Base */ = {isa = PBXFileReference; lastKnownFileType = file.storyboard; name = Base; path = Base.lproj/LaunchScreen.storyboard; sourceTree = "<group>"; };
		68F162932C1AF74B0059FA66 /* Info.plist */ = {isa = PBXFileReference; lastKnownFileType = text.plist.xml; path = Info.plist; sourceTree = "<group>"; };
		68F162992C1AF7A00059FA66 /* .gitignore */ = {isa = PBXFileReference; lastKnownFileType = text; path = .gitignore; sourceTree = "<group>"; };
		68F1629B2C1AF7C00059FA66 /* APIKey.swift */ = {isa = PBXFileReference; lastKnownFileType = sourcecode.swift; path = APIKey.swift; sourceTree = "<group>"; };
/* End PBXFileReference section */

/* Begin PBXFrameworksBuildPhase section */
		68F1627F2C1AF7490059FA66 /* Frameworks */ = {
			isa = PBXFrameworksBuildPhase;
			buildActionMask = 2147483647;
			files = (
				68F162A52C1AFC270059FA66 /* Alamofire in Frameworks */,
				68F162A82C1AFC350059FA66 /* SnapKit in Frameworks */,
				68F162A22C1AFC060059FA66 /* Kingfisher in Frameworks */,
				68F1629F2C1AFBB40059FA66 /* IQKeyboardManagerSwift in Frameworks */,
			);
			runOnlyForDeploymentPostprocessing = 0;
		};
/* End PBXFrameworksBuildPhase section */

/* Begin PBXGroup section */
		683211752C1B0DBB00EE24A6 /* CustomView */ = {
			isa = PBXGroup;
			children = (
				683211782C1B0E7F00EE24A6 /* PointButton.swift */,
			);
			path = CustomView;
			sourceTree = "<group>";
		};
		683211762C1B0E1A00EE24A6 /* LaunchScreen */ = {
			isa = PBXGroup;
			children = (
				68F162902C1AF74B0059FA66 /* LaunchScreen.storyboard */,
			);
			path = LaunchScreen;
			sourceTree = "<group>";
		};
		683211772C1B0E2900EE24A6 /* OnBoardingVC */ = {
			isa = PBXGroup;
			children = (
				68F162892C1AF7490059FA66 /* OnBoardingController.swift */,
			);
			path = OnBoardingVC;
			sourceTree = "<group>";
		};
		6832117A2C1B11C300EE24A6 /* ProfileSettingVC */ = {
			isa = PBXGroup;
			children = (
				683211882C1B2B1E00EE24A6 /* NicknameSetting */,
				683211892C1B2B2D00EE24A6 /* ImageSetting */,
			);
			path = ProfileSettingVC;
			sourceTree = "<group>";
		};
		683211812C1B20D400EE24A6 /* Extension */ = {
			isa = PBXGroup;
			children = (
				6862950D2C1EF02500EE296D /* DateFormatter+.swift */,
				683211822C1B20E600EE24A6 /* UITextField+.swift */,
				686295042C1E13DA00EE296D /* UIButton+.swift */,
				683211922C1B404400EE24A6 /* ReusableProtocol+.swift */,
				686051C12C211E9D00D60EA0 /* UILabel+.swift */,
			);
			path = Extension;
			sourceTree = "<group>";
		};
		683211882C1B2B1E00EE24A6 /* NicknameSetting */ = {
			isa = PBXGroup;
			children = (
				6832117D2C1B16CB00EE24A6 /* NicknameSettingView.swift */,
				6832117B2C1B11EA00EE24A6 /* NicknameSettingViewController.swift */,
			);
			path = NicknameSetting;
			sourceTree = "<group>";
		};
		683211892C1B2B2D00EE24A6 /* ImageSetting */ = {
			isa = PBXGroup;
			children = (
				683211902C1B401700EE24A6 /* SelectImageCollectionViewCell.swift */,
				6832118A2C1B32E600EE24A6 /* ImageSettingView.swift */,
				683211862C1B2AF700EE24A6 /* ImageSettingViewController.swift */,
			);
			path = ImageSetting;
			sourceTree = "<group>";
		};
		683211962C1B5C9F00EE24A6 /* Storage */ = {
			isa = PBXGroup;
			children = (
				683211942C1B522500EE24A6 /* DataStorage.swift */,
				6823572C2C205F27000415C9 /* UserDefaultsKey.swift */,
			);
			path = Storage;
			sourceTree = "<group>";
		};
		683211972C1C4D1400EE24A6 /* MainVC */ = {
			isa = PBXGroup;
			children = (
				683211A02C1C893900EE24A6 /* SearchTableViewCell.swift */,
				683211982C1C4D4700EE24A6 /* MainViewController.swift */,
			);
			path = MainVC;
			sourceTree = "<group>";
		};
		6832119A2C1C76B400EE24A6 /* TabBar */ = {
			isa = PBXGroup;
			children = (
				6832119B2C1C76E100EE24A6 /* YEGZAGTabBarController.swift */,
			);
			path = TabBar;
			sourceTree = "<group>";
		};
		6832119D2C1C77B700EE24A6 /* SettingVC */ = {
			isa = PBXGroup;
			children = (
				686295062C1EDCC600EE296D /* ProfileTableViewCell.swift */,
				686295082C1EDCDC00EE296D /* ETCTableViewCell.swift */,
				6832119E2C1C77D900EE24A6 /* SettingViewController.swift */,
			);
			path = SettingVC;
			sourceTree = "<group>";
		};
		683211A22C1CA42F00EE24A6 /* SearchResultVC */ = {
			isa = PBXGroup;
			children = (
				683211A92C1DC28300EE24A6 /* SearchResultCollectionViewCell.swift */,
				683211A32C1CA45B00EE24A6 /* SearchResultViewController.swift */,
				686294FF2C1DDCB800EE296D /* ItemDetailViewController.swift */,
			);
			path = SearchResultVC;
			sourceTree = "<group>";
		};
		686295012C1DE5A500EE296D /* Model */ = {
			isa = PBXGroup;
			children = (
				686295022C1DE5C000EE296D /* ShoppingData.swift */,
			);
			path = Model;
			sourceTree = "<group>";
		};
		68F162792C1AF7490059FA66 = {
			isa = PBXGroup;
			children = (
				68F162992C1AF7A00059FA66 /* .gitignore */,
				68F162842C1AF7490059FA66 /* YEGZAG */,
				68F162832C1AF7490059FA66 /* Products */,
			);
			sourceTree = "<group>";
		};
		68F162832C1AF7490059FA66 /* Products */ = {
			isa = PBXGroup;
			children = (
				68F162822C1AF7490059FA66 /* YEGZAG.app */,
			);
			name = Products;
			sourceTree = "<group>";
		};
		68F162842C1AF7490059FA66 /* YEGZAG */ = {
			isa = PBXGroup;
			children = (
				68F162852C1AF7490059FA66 /* AppDelegate.swift */,
				68F162872C1AF7490059FA66 /* SceneDelegate.swift */,
				68F1628E2C1AF74B0059FA66 /* Assets.xcassets */,
				683211762C1B0E1A00EE24A6 /* LaunchScreen */,
				686295012C1DE5A500EE296D /* Model */,
				683211812C1B20D400EE24A6 /* Extension */,
				683211962C1B5C9F00EE24A6 /* Storage */,
				683211752C1B0DBB00EE24A6 /* CustomView */,
				683211772C1B0E2900EE24A6 /* OnBoardingVC */,
				6832117A2C1B11C300EE24A6 /* ProfileSettingVC */,
				683211972C1C4D1400EE24A6 /* MainVC */,
				683211A22C1CA42F00EE24A6 /* SearchResultVC */,
				6832119D2C1C77B700EE24A6 /* SettingVC */,
				6832119A2C1C76B400EE24A6 /* TabBar */,
				68F162932C1AF74B0059FA66 /* Info.plist */,
				68F1629B2C1AF7C00059FA66 /* APIKey.swift */,
			);
			path = YEGZAG;
			sourceTree = "<group>";
		};
/* End PBXGroup section */

/* Begin PBXNativeTarget section */
		68F162812C1AF7490059FA66 /* YEGZAG */ = {
			isa = PBXNativeTarget;
			buildConfigurationList = 68F162962C1AF74B0059FA66 /* Build configuration list for PBXNativeTarget "YEGZAG" */;
			buildPhases = (
				68F1627E2C1AF7490059FA66 /* Sources */,
				68F1627F2C1AF7490059FA66 /* Frameworks */,
				68F162802C1AF7490059FA66 /* Resources */,
			);
			buildRules = (
			);
			dependencies = (
			);
			name = YEGZAG;
			packageProductDependencies = (
				68F1629E2C1AFBB40059FA66 /* IQKeyboardManagerSwift */,
				68F162A12C1AFC060059FA66 /* Kingfisher */,
				68F162A42C1AFC270059FA66 /* Alamofire */,
				68F162A72C1AFC350059FA66 /* SnapKit */,
			);
			productName = YEGZAG;
			productReference = 68F162822C1AF7490059FA66 /* YEGZAG.app */;
			productType = "com.apple.product-type.application";
		};
/* End PBXNativeTarget section */

/* Begin PBXProject section */
		68F1627A2C1AF7490059FA66 /* Project object */ = {
			isa = PBXProject;
			attributes = {
				BuildIndependentTargetsInParallel = 1;
				LastSwiftUpdateCheck = 1540;
				LastUpgradeCheck = 1540;
				TargetAttributes = {
					68F162812C1AF7490059FA66 = {
						CreatedOnToolsVersion = 15.4;
					};
				};
			};
			buildConfigurationList = 68F1627D2C1AF7490059FA66 /* Build configuration list for PBXProject "YEGZAG" */;
			compatibilityVersion = "Xcode 14.0";
			developmentRegion = en;
			hasScannedForEncodings = 0;
			knownRegions = (
				en,
				Base,
			);
			mainGroup = 68F162792C1AF7490059FA66;
			packageReferences = (
				68F1629D2C1AFBB40059FA66 /* XCRemoteSwiftPackageReference "IQKeyboardManager" */,
				68F162A02C1AFC060059FA66 /* XCRemoteSwiftPackageReference "Kingfisher" */,
				68F162A32C1AFC270059FA66 /* XCRemoteSwiftPackageReference "Alamofire" */,
				68F162A62C1AFC350059FA66 /* XCRemoteSwiftPackageReference "SnapKit" */,
			);
			productRefGroup = 68F162832C1AF7490059FA66 /* Products */;
			projectDirPath = "";
			projectRoot = "";
			targets = (
				68F162812C1AF7490059FA66 /* YEGZAG */,
			);
		};
/* End PBXProject section */

/* Begin PBXResourcesBuildPhase section */
		68F162802C1AF7490059FA66 /* Resources */ = {
			isa = PBXResourcesBuildPhase;
			buildActionMask = 2147483647;
			files = (
				68F1629A2C1AF7A00059FA66 /* .gitignore in Resources */,
				68F1628F2C1AF74B0059FA66 /* Assets.xcassets in Resources */,
				68F162922C1AF74B0059FA66 /* Base in Resources */,
			);
			runOnlyForDeploymentPostprocessing = 0;
		};
/* End PBXResourcesBuildPhase section */

/* Begin PBXSourcesBuildPhase section */
		68F1627E2C1AF7490059FA66 /* Sources */ = {
			isa = PBXSourcesBuildPhase;
			buildActionMask = 2147483647;
			files = (
				686051C22C211E9D00D60EA0 /* UILabel+.swift in Sources */,
				683211872C1B2AF700EE24A6 /* ImageSettingViewController.swift in Sources */,
				683211912C1B401700EE24A6 /* SelectImageCollectionViewCell.swift in Sources */,
				6823572D2C205F27000415C9 /* UserDefaultsKey.swift in Sources */,
				686295072C1EDCC600EE296D /* ProfileTableViewCell.swift in Sources */,
				6832118B2C1B32E600EE24A6 /* ImageSettingView.swift in Sources */,
				6832119F2C1C77D900EE24A6 /* SettingViewController.swift in Sources */,
				6832119C2C1C76E100EE24A6 /* YEGZAGTabBarController.swift in Sources */,
				68F1628A2C1AF7490059FA66 /* OnBoardingController.swift in Sources */,
				68F162862C1AF7490059FA66 /* AppDelegate.swift in Sources */,
				686295092C1EDCDC00EE296D /* ETCTableViewCell.swift in Sources */,
				686295002C1DDCB800EE296D /* ItemDetailViewController.swift in Sources */,
				6832117E2C1B16CB00EE24A6 /* NicknameSettingView.swift in Sources */,
				68F1629C2C1AF7C00059FA66 /* APIKey.swift in Sources */,
				686295032C1DE5C000EE296D /* ShoppingData.swift in Sources */,
				686295052C1E13DA00EE296D /* UIButton+.swift in Sources */,
				683211992C1C4D4700EE24A6 /* MainViewController.swift in Sources */,
				683211A42C1CA45B00EE24A6 /* SearchResultViewController.swift in Sources */,
				683211932C1B404400EE24A6 /* ReusableProtocol+.swift in Sources */,
				683211A12C1C893900EE24A6 /* SearchTableViewCell.swift in Sources */,
				68F162882C1AF7490059FA66 /* SceneDelegate.swift in Sources */,
				683211792C1B0E7F00EE24A6 /* PointButton.swift in Sources */,
				683211832C1B20E600EE24A6 /* UITextField+.swift in Sources */,
				683211952C1B522500EE24A6 /* DataStorage.swift in Sources */,
				6832117C2C1B11EA00EE24A6 /* NicknameSettingViewController.swift in Sources */,
				683211AA2C1DC28300EE24A6 /* SearchResultCollectionViewCell.swift in Sources */,
				6862950E2C1EF02500EE296D /* DateFormatter+.swift in Sources */,
			);
			runOnlyForDeploymentPostprocessing = 0;
		};
/* End PBXSourcesBuildPhase section */

/* Begin PBXVariantGroup section */
		68F162902C1AF74B0059FA66 /* LaunchScreen.storyboard */ = {
			isa = PBXVariantGroup;
			children = (
				68F162912C1AF74B0059FA66 /* Base */,
			);
			name = LaunchScreen.storyboard;
			sourceTree = "<group>";
		};
/* End PBXVariantGroup section */

/* Begin XCBuildConfiguration section */
		68F162942C1AF74B0059FA66 /* Debug */ = {
			isa = XCBuildConfiguration;
			buildSettings = {
				ALWAYS_SEARCH_USER_PATHS = NO;
				ASSETCATALOG_COMPILER_GENERATE_SWIFT_ASSET_SYMBOL_EXTENSIONS = YES;
				CLANG_ANALYZER_NONNULL = YES;
				CLANG_ANALYZER_NUMBER_OBJECT_CONVERSION = YES_AGGRESSIVE;
				CLANG_CXX_LANGUAGE_STANDARD = "gnu++20";
				CLANG_ENABLE_MODULES = YES;
				CLANG_ENABLE_OBJC_ARC = YES;
				CLANG_ENABLE_OBJC_WEAK = YES;
				CLANG_WARN_BLOCK_CAPTURE_AUTORELEASING = YES;
				CLANG_WARN_BOOL_CONVERSION = YES;
				CLANG_WARN_COMMA = YES;
				CLANG_WARN_CONSTANT_CONVERSION = YES;
				CLANG_WARN_DEPRECATED_OBJC_IMPLEMENTATIONS = YES;
				CLANG_WARN_DIRECT_OBJC_ISA_USAGE = YES_ERROR;
				CLANG_WARN_DOCUMENTATION_COMMENTS = YES;
				CLANG_WARN_EMPTY_BODY = YES;
				CLANG_WARN_ENUM_CONVERSION = YES;
				CLANG_WARN_INFINITE_RECURSION = YES;
				CLANG_WARN_INT_CONVERSION = YES;
				CLANG_WARN_NON_LITERAL_NULL_CONVERSION = YES;
				CLANG_WARN_OBJC_IMPLICIT_RETAIN_SELF = YES;
				CLANG_WARN_OBJC_LITERAL_CONVERSION = YES;
				CLANG_WARN_OBJC_ROOT_CLASS = YES_ERROR;
				CLANG_WARN_QUOTED_INCLUDE_IN_FRAMEWORK_HEADER = YES;
				CLANG_WARN_RANGE_LOOP_ANALYSIS = YES;
				CLANG_WARN_STRICT_PROTOTYPES = YES;
				CLANG_WARN_SUSPICIOUS_MOVE = YES;
				CLANG_WARN_UNGUARDED_AVAILABILITY = YES_AGGRESSIVE;
				CLANG_WARN_UNREACHABLE_CODE = YES;
				CLANG_WARN__DUPLICATE_METHOD_MATCH = YES;
				COPY_PHASE_STRIP = NO;
				DEBUG_INFORMATION_FORMAT = dwarf;
				ENABLE_STRICT_OBJC_MSGSEND = YES;
				ENABLE_TESTABILITY = YES;
				ENABLE_USER_SCRIPT_SANDBOXING = YES;
				GCC_C_LANGUAGE_STANDARD = gnu17;
				GCC_DYNAMIC_NO_PIC = NO;
				GCC_NO_COMMON_BLOCKS = YES;
				GCC_OPTIMIZATION_LEVEL = 0;
				GCC_PREPROCESSOR_DEFINITIONS = (
					"DEBUG=1",
					"$(inherited)",
				);
				GCC_WARN_64_TO_32_BIT_CONVERSION = YES;
				GCC_WARN_ABOUT_RETURN_TYPE = YES_ERROR;
				GCC_WARN_UNDECLARED_SELECTOR = YES;
				GCC_WARN_UNINITIALIZED_AUTOS = YES_AGGRESSIVE;
				GCC_WARN_UNUSED_FUNCTION = YES;
				GCC_WARN_UNUSED_VARIABLE = YES;
				IPHONEOS_DEPLOYMENT_TARGET = 17.5;
				LOCALIZATION_PREFERS_STRING_CATALOGS = YES;
				MTL_ENABLE_DEBUG_INFO = INCLUDE_SOURCE;
				MTL_FAST_MATH = YES;
				ONLY_ACTIVE_ARCH = YES;
				SDKROOT = iphoneos;
				SWIFT_ACTIVE_COMPILATION_CONDITIONS = "DEBUG $(inherited)";
				SWIFT_OPTIMIZATION_LEVEL = "-Onone";
			};
			name = Debug;
		};
		68F162952C1AF74B0059FA66 /* Release */ = {
			isa = XCBuildConfiguration;
			buildSettings = {
				ALWAYS_SEARCH_USER_PATHS = NO;
				ASSETCATALOG_COMPILER_GENERATE_SWIFT_ASSET_SYMBOL_EXTENSIONS = YES;
				CLANG_ANALYZER_NONNULL = YES;
				CLANG_ANALYZER_NUMBER_OBJECT_CONVERSION = YES_AGGRESSIVE;
				CLANG_CXX_LANGUAGE_STANDARD = "gnu++20";
				CLANG_ENABLE_MODULES = YES;
				CLANG_ENABLE_OBJC_ARC = YES;
				CLANG_ENABLE_OBJC_WEAK = YES;
				CLANG_WARN_BLOCK_CAPTURE_AUTORELEASING = YES;
				CLANG_WARN_BOOL_CONVERSION = YES;
				CLANG_WARN_COMMA = YES;
				CLANG_WARN_CONSTANT_CONVERSION = YES;
				CLANG_WARN_DEPRECATED_OBJC_IMPLEMENTATIONS = YES;
				CLANG_WARN_DIRECT_OBJC_ISA_USAGE = YES_ERROR;
				CLANG_WARN_DOCUMENTATION_COMMENTS = YES;
				CLANG_WARN_EMPTY_BODY = YES;
				CLANG_WARN_ENUM_CONVERSION = YES;
				CLANG_WARN_INFINITE_RECURSION = YES;
				CLANG_WARN_INT_CONVERSION = YES;
				CLANG_WARN_NON_LITERAL_NULL_CONVERSION = YES;
				CLANG_WARN_OBJC_IMPLICIT_RETAIN_SELF = YES;
				CLANG_WARN_OBJC_LITERAL_CONVERSION = YES;
				CLANG_WARN_OBJC_ROOT_CLASS = YES_ERROR;
				CLANG_WARN_QUOTED_INCLUDE_IN_FRAMEWORK_HEADER = YES;
				CLANG_WARN_RANGE_LOOP_ANALYSIS = YES;
				CLANG_WARN_STRICT_PROTOTYPES = YES;
				CLANG_WARN_SUSPICIOUS_MOVE = YES;
				CLANG_WARN_UNGUARDED_AVAILABILITY = YES_AGGRESSIVE;
				CLANG_WARN_UNREACHABLE_CODE = YES;
				CLANG_WARN__DUPLICATE_METHOD_MATCH = YES;
				COPY_PHASE_STRIP = NO;
				DEBUG_INFORMATION_FORMAT = "dwarf-with-dsym";
				ENABLE_NS_ASSERTIONS = NO;
				ENABLE_STRICT_OBJC_MSGSEND = YES;
				ENABLE_USER_SCRIPT_SANDBOXING = YES;
				GCC_C_LANGUAGE_STANDARD = gnu17;
				GCC_NO_COMMON_BLOCKS = YES;
				GCC_WARN_64_TO_32_BIT_CONVERSION = YES;
				GCC_WARN_ABOUT_RETURN_TYPE = YES_ERROR;
				GCC_WARN_UNDECLARED_SELECTOR = YES;
				GCC_WARN_UNINITIALIZED_AUTOS = YES_AGGRESSIVE;
				GCC_WARN_UNUSED_FUNCTION = YES;
				GCC_WARN_UNUSED_VARIABLE = YES;
				IPHONEOS_DEPLOYMENT_TARGET = 17.5;
				LOCALIZATION_PREFERS_STRING_CATALOGS = YES;
				MTL_ENABLE_DEBUG_INFO = NO;
				MTL_FAST_MATH = YES;
				SDKROOT = iphoneos;
				SWIFT_COMPILATION_MODE = wholemodule;
				VALIDATE_PRODUCT = YES;
			};
			name = Release;
		};
		68F162972C1AF74B0059FA66 /* Debug */ = {
			isa = XCBuildConfiguration;
			buildSettings = {
				ASSETCATALOG_COMPILER_APPICON_NAME = AppIcon;
				ASSETCATALOG_COMPILER_GLOBAL_ACCENT_COLOR_NAME = AccentColor;
				CODE_SIGN_STYLE = Automatic;
				CURRENT_PROJECT_VERSION = 1;
				GENERATE_INFOPLIST_FILE = YES;
				INFOPLIST_FILE = YEGZAG/Info.plist;
				INFOPLIST_KEY_CFBundleDisplayName = "김예진";
				INFOPLIST_KEY_UIApplicationSupportsIndirectInputEvents = YES;
				INFOPLIST_KEY_UILaunchStoryboardName = LaunchScreen;
				INFOPLIST_KEY_UISupportedInterfaceOrientations = UIInterfaceOrientationPortrait;
				INFOPLIST_KEY_UISupportedInterfaceOrientations_iPad = UIInterfaceOrientationPortrait;
				IPHONEOS_DEPLOYMENT_TARGET = 15.0;
				LD_RUNPATH_SEARCH_PATHS = (
					"$(inherited)",
					"@executable_path/Frameworks",
				);
				MARKETING_VERSION = 1.0;
				PRODUCT_BUNDLE_IDENTIFIER = YJ.YEGZAG;
				PRODUCT_NAME = "$(TARGET_NAME)";
				SUPPORTED_PLATFORMS = "iphoneos iphonesimulator";
				SUPPORTS_MACCATALYST = NO;
				SUPPORTS_MAC_DESIGNED_FOR_IPHONE_IPAD = NO;
				SUPPORTS_XR_DESIGNED_FOR_IPHONE_IPAD = NO;
				SWIFT_EMIT_LOC_STRINGS = YES;
				SWIFT_VERSION = 5.0;
				TARGETED_DEVICE_FAMILY = 1;
			};
			name = Debug;
		};
		68F162982C1AF74B0059FA66 /* Release */ = {
			isa = XCBuildConfiguration;
			buildSettings = {
				ASSETCATALOG_COMPILER_APPICON_NAME = AppIcon;
				ASSETCATALOG_COMPILER_GLOBAL_ACCENT_COLOR_NAME = AccentColor;
				CODE_SIGN_STYLE = Automatic;
				CURRENT_PROJECT_VERSION = 1;
				GENERATE_INFOPLIST_FILE = YES;
				INFOPLIST_FILE = YEGZAG/Info.plist;
				INFOPLIST_KEY_CFBundleDisplayName = "김예진";
				INFOPLIST_KEY_UIApplicationSupportsIndirectInputEvents = YES;
				INFOPLIST_KEY_UILaunchStoryboardName = LaunchScreen;
				INFOPLIST_KEY_UISupportedInterfaceOrientations = UIInterfaceOrientationPortrait;
				INFOPLIST_KEY_UISupportedInterfaceOrientations_iPad = UIInterfaceOrientationPortrait;
				IPHONEOS_DEPLOYMENT_TARGET = 15.0;
				LD_RUNPATH_SEARCH_PATHS = (
					"$(inherited)",
					"@executable_path/Frameworks",
				);
				MARKETING_VERSION = 1.0;
				PRODUCT_BUNDLE_IDENTIFIER = YJ.YEGZAG;
				PRODUCT_NAME = "$(TARGET_NAME)";
				SUPPORTED_PLATFORMS = "iphoneos iphonesimulator";
				SUPPORTS_MACCATALYST = NO;
				SUPPORTS_MAC_DESIGNED_FOR_IPHONE_IPAD = NO;
				SUPPORTS_XR_DESIGNED_FOR_IPHONE_IPAD = NO;
				SWIFT_EMIT_LOC_STRINGS = YES;
				SWIFT_VERSION = 5.0;
				TARGETED_DEVICE_FAMILY = 1;
			};
			name = Release;
		};
/* End XCBuildConfiguration section */

/* Begin XCConfigurationList section */
		68F1627D2C1AF7490059FA66 /* Build configuration list for PBXProject "YEGZAG" */ = {
			isa = XCConfigurationList;
			buildConfigurations = (
				68F162942C1AF74B0059FA66 /* Debug */,
				68F162952C1AF74B0059FA66 /* Release */,
			);
			defaultConfigurationIsVisible = 0;
			defaultConfigurationName = Release;
		};
		68F162962C1AF74B0059FA66 /* Build configuration list for PBXNativeTarget "YEGZAG" */ = {
			isa = XCConfigurationList;
			buildConfigurations = (
				68F162972C1AF74B0059FA66 /* Debug */,
				68F162982C1AF74B0059FA66 /* Release */,
			);
			defaultConfigurationIsVisible = 0;
			defaultConfigurationName = Release;
		};
/* End XCConfigurationList section */

/* Begin XCRemoteSwiftPackageReference section */
		68F1629D2C1AFBB40059FA66 /* XCRemoteSwiftPackageReference "IQKeyboardManager" */ = {
			isa = XCRemoteSwiftPackageReference;
			repositoryURL = "https://github.com/hackiftekhar/IQKeyboardManager.git";
			requirement = {
				kind = upToNextMajorVersion;
				minimumVersion = 7.0.3;
			};
		};
		68F162A02C1AFC060059FA66 /* XCRemoteSwiftPackageReference "Kingfisher" */ = {
			isa = XCRemoteSwiftPackageReference;
			repositoryURL = "https://github.com/onevcat/Kingfisher.git";
			requirement = {
				kind = upToNextMajorVersion;
				minimumVersion = 7.12.0;
			};
		};
		68F162A32C1AFC270059FA66 /* XCRemoteSwiftPackageReference "Alamofire" */ = {
			isa = XCRemoteSwiftPackageReference;
			repositoryURL = "https://github.com/Alamofire/Alamofire.git";
			requirement = {
				kind = upToNextMajorVersion;
				minimumVersion = 5.9.1;
			};
		};
		68F162A62C1AFC350059FA66 /* XCRemoteSwiftPackageReference "SnapKit" */ = {
			isa = XCRemoteSwiftPackageReference;
			repositoryURL = "https://github.com/SnapKit/SnapKit.git";
			requirement = {
				kind = upToNextMajorVersion;
				minimumVersion = 5.7.1;
			};
		};
/* End XCRemoteSwiftPackageReference section */

/* Begin XCSwiftPackageProductDependency section */
		68F1629E2C1AFBB40059FA66 /* IQKeyboardManagerSwift */ = {
			isa = XCSwiftPackageProductDependency;
			package = 68F1629D2C1AFBB40059FA66 /* XCRemoteSwiftPackageReference "IQKeyboardManager" */;
			productName = IQKeyboardManagerSwift;
		};
		68F162A12C1AFC060059FA66 /* Kingfisher */ = {
			isa = XCSwiftPackageProductDependency;
			package = 68F162A02C1AFC060059FA66 /* XCRemoteSwiftPackageReference "Kingfisher" */;
			productName = Kingfisher;
		};
		68F162A42C1AFC270059FA66 /* Alamofire */ = {
			isa = XCSwiftPackageProductDependency;
			package = 68F162A32C1AFC270059FA66 /* XCRemoteSwiftPackageReference "Alamofire" */;
			productName = Alamofire;
		};
		68F162A72C1AFC350059FA66 /* SnapKit */ = {
			isa = XCSwiftPackageProductDependency;
			package = 68F162A62C1AFC350059FA66 /* XCRemoteSwiftPackageReference "SnapKit" */;
			productName = SnapKit;
		};
/* End XCSwiftPackageProductDependency section */
	};
	rootObject = 68F1627A2C1AF7490059FA66 /* Project object */;
}
